PODS:
  - YJTableModelDriver (1.0.1)

DEPENDENCIES:
  - YJTableModelDriver (from `../`)

EXTERNAL SOURCES:
  YJTableModelDriver:
    :path: "../"

SPEC CHECKSUMS:
  YJTableModelDriver: 4f4890d23ffde8636beb3a42bf363026e9ab7661

PODFILE CHECKSUM: 168901c4b7667e7d9fee0362fd32d12136391d12

COCOAPODS: 1.9.3
